{
  "name": "jquerybuilder",
  "version": "1.1.0",
  "lockfileVersion": 1,
  "requires": true,
  "dependencies": {
    "commander": {
      "version": "4.1.1",
      "resolved": "https://registry.npmjs.org/commander/-/commander-4.1.1.tgz",
      "integrity": "sha512-NOKm8xhkzAjzFx8B2v5OAHT+u5pRQc2UCa2Vq9jYL/31o2wi9mxBA7LIFs3sV5VSC49z6pEhfbMULvShKj26WA=="
    },
    "exec-sh": {
      "version": "0.3.4",
      "resolved": "https://registry.npmjs.org/exec-sh/-/exec-sh-0.3.4.tgz",
      "integrity": "sha512-sEFIkc61v75sWeOe72qyrqg2Qg0OuLESziUDk/O/z2qgS15y2gWVFrI6f2Qn/qw/0/NCfCEsmNA4zOjkwEZT1A=="
    }
  }
}
